
Microsoft Visual Studio Solution File, Format Version 12.00
# Visual Studio 15
VisualStudioVersion = 15.0.27130.2010
MinimumVisualStudioVersion = 10.0.40219.1
Project("{8BC9CEB8-8B4A-11D0-8D11-00A0C91BC942}") = "LuaIntegration", "LuaIntegration\LuaIntegration.vcxproj", "{1954309C-1F89-4D2A-AB27-CEFFF7739242}"
EndProject
Project("{8BC9CEB8-8B4A-11D0-8D11-00A0C91BC942}") = "standaloneluainterpreter", "standaloneluainterpreter\standaloneluainterpreter.vcxproj", "{36E1148F-F8DB-4758-945F-FD12C331CF6E}"
EndProject
Project("{8BC9CEB8-8B4A-11D0-8D11-00A0C91BC942}") = "LuaLib", "LuaLib\LuaLib.vcxproj", "{571F8108-9A6D-4514-B5B5-81252230F3EB}"
EndProject
Project("{8BC9CEB8-8B4A-11D0-8D11-00A0C91BC942}") = "mlib", "mlib\mlib.vcxproj", "{049DF500-7650-4429-9ABB-3AFD06D465FD}"
EndProject
Project("{8BC9CEB8-8B4A-11D0-8D11-00A0C91BC942}") = "LuaConfig", "LuaConfig\LuaConfig.vcxproj", "{CE98F8F4-0C9B-4DC3-876B-99D835F60E15}"
EndProject
Project("{8BC9CEB8-8B4A-11D0-8D11-00A0C91BC942}") = "LuaFuncCalling", "LuaFuncCalling\LuaFuncCalling.vcxproj", "{86B369A9-EB59-4278-92DC-3C04EAAF2A7D}"
EndProject
Project("{8BC9CEB8-8B4A-11D0-8D11-00A0C91BC942}") = "myclibs", "myclibs\MyClibs.vcxproj", "{4DBBCD65-5FB0-446F-B311-D4E4775ECE04}"
EndProject
Project("{8BC9CEB8-8B4A-11D0-8D11-00A0C91BC942}") = "LuaCallCfunction", "LuaCallCfunction\LuaCallCfunction.vcxproj", "{4AC4955C-B831-4BAA-8842-8E2A33341971}"
	ProjectSection(ProjectDependencies) = postProject
		{4DBBCD65-5FB0-446F-B311-D4E4775ECE04} = {4DBBCD65-5FB0-446F-B311-D4E4775ECE04}
	EndProjectSection
EndProject
Project("{FAE04EC0-301F-11D3-BF4B-00C04F79EFBC}") = "cslibs", "cslibs\cslibs.csproj", "{F8324664-D42B-43CF-90AF-5C1CEEF6E326}"
EndProject
Project("{8BC9CEB8-8B4A-11D0-8D11-00A0C91BC942}") = "Lua", "Lua515\Lua.vcxproj", "{250B3C67-0961-4453-8B28-75D8BC1AB590}"
EndProject
Project("{8BC9CEB8-8B4A-11D0-8D11-00A0C91BC942}") = "tuple", "tuple\tuple.vcxproj", "{7E9D7566-27E0-433C-9820-1219260E51B3}"
EndProject
Global
	GlobalSection(SolutionConfigurationPlatforms) = preSolution
		Debug|Any CPU = Debug|Any CPU
		Debug|ARM = Debug|ARM
		Debug|Win32 = Debug|Win32
		Debug|x64 = Debug|x64
		Release|Any CPU = Release|Any CPU
		Release|ARM = Release|ARM
		Release|Win32 = Release|Win32
		Release|x64 = Release|x64
		Template|Any CPU = Template|Any CPU
		Template|ARM = Template|ARM
		Template|Win32 = Template|Win32
		Template|x64 = Template|x64
	EndGlobalSection
	GlobalSection(ProjectConfigurationPlatforms) = postSolution
		{1954309C-1F89-4D2A-AB27-CEFFF7739242}.Debug|Any CPU.ActiveCfg = Debug|Win32
		{1954309C-1F89-4D2A-AB27-CEFFF7739242}.Debug|ARM.ActiveCfg = Debug|Win32
		{1954309C-1F89-4D2A-AB27-CEFFF7739242}.Debug|Win32.ActiveCfg = Debug|Win32
		{1954309C-1F89-4D2A-AB27-CEFFF7739242}.Debug|Win32.Build.0 = Debug|Win32
		{1954309C-1F89-4D2A-AB27-CEFFF7739242}.Debug|x64.ActiveCfg = Debug|Win32
		{1954309C-1F89-4D2A-AB27-CEFFF7739242}.Release|Any CPU.ActiveCfg = Release|Win32
		{1954309C-1F89-4D2A-AB27-CEFFF7739242}.Release|ARM.ActiveCfg = Release|Win32
		{1954309C-1F89-4D2A-AB27-CEFFF7739242}.Release|Win32.ActiveCfg = Release|Win32
		{1954309C-1F89-4D2A-AB27-CEFFF7739242}.Release|Win32.Build.0 = Release|Win32
		{1954309C-1F89-4D2A-AB27-CEFFF7739242}.Release|x64.ActiveCfg = Release|Win32
		{1954309C-1F89-4D2A-AB27-CEFFF7739242}.Template|Any CPU.ActiveCfg = Release|Win32
		{1954309C-1F89-4D2A-AB27-CEFFF7739242}.Template|Any CPU.Build.0 = Release|Win32
		{1954309C-1F89-4D2A-AB27-CEFFF7739242}.Template|ARM.ActiveCfg = Release|Win32
		{1954309C-1F89-4D2A-AB27-CEFFF7739242}.Template|ARM.Build.0 = Release|Win32
		{1954309C-1F89-4D2A-AB27-CEFFF7739242}.Template|Win32.ActiveCfg = Release|Win32
		{1954309C-1F89-4D2A-AB27-CEFFF7739242}.Template|Win32.Build.0 = Release|Win32
		{1954309C-1F89-4D2A-AB27-CEFFF7739242}.Template|x64.ActiveCfg = Release|Win32
		{1954309C-1F89-4D2A-AB27-CEFFF7739242}.Template|x64.Build.0 = Release|Win32
		{36E1148F-F8DB-4758-945F-FD12C331CF6E}.Debug|Any CPU.ActiveCfg = Debug|Win32
		{36E1148F-F8DB-4758-945F-FD12C331CF6E}.Debug|ARM.ActiveCfg = Debug|Win32
		{36E1148F-F8DB-4758-945F-FD12C331CF6E}.Debug|Win32.ActiveCfg = Debug|Win32
		{36E1148F-F8DB-4758-945F-FD12C331CF6E}.Debug|Win32.Build.0 = Debug|Win32
		{36E1148F-F8DB-4758-945F-FD12C331CF6E}.Debug|x64.ActiveCfg = Debug|x64
		{36E1148F-F8DB-4758-945F-FD12C331CF6E}.Debug|x64.Build.0 = Debug|x64
		{36E1148F-F8DB-4758-945F-FD12C331CF6E}.Release|Any CPU.ActiveCfg = Release|Win32
		{36E1148F-F8DB-4758-945F-FD12C331CF6E}.Release|ARM.ActiveCfg = Release|Win32
		{36E1148F-F8DB-4758-945F-FD12C331CF6E}.Release|Win32.ActiveCfg = Release|Win32
		{36E1148F-F8DB-4758-945F-FD12C331CF6E}.Release|Win32.Build.0 = Release|Win32
		{36E1148F-F8DB-4758-945F-FD12C331CF6E}.Release|x64.ActiveCfg = Release|x64
		{36E1148F-F8DB-4758-945F-FD12C331CF6E}.Release|x64.Build.0 = Release|x64
		{36E1148F-F8DB-4758-945F-FD12C331CF6E}.Template|Any CPU.ActiveCfg = Release|x64
		{36E1148F-F8DB-4758-945F-FD12C331CF6E}.Template|Any CPU.Build.0 = Release|x64
		{36E1148F-F8DB-4758-945F-FD12C331CF6E}.Template|Any CPU.Deploy.0 = Release|x64
		{36E1148F-F8DB-4758-945F-FD12C331CF6E}.Template|ARM.ActiveCfg = Release|x64
		{36E1148F-F8DB-4758-945F-FD12C331CF6E}.Template|ARM.Build.0 = Release|x64
		{36E1148F-F8DB-4758-945F-FD12C331CF6E}.Template|ARM.Deploy.0 = Release|x64
		{36E1148F-F8DB-4758-945F-FD12C331CF6E}.Template|Win32.ActiveCfg = Release|Win32
		{36E1148F-F8DB-4758-945F-FD12C331CF6E}.Template|Win32.Build.0 = Release|Win32
		{36E1148F-F8DB-4758-945F-FD12C331CF6E}.Template|x64.ActiveCfg = Release|x64
		{36E1148F-F8DB-4758-945F-FD12C331CF6E}.Template|x64.Build.0 = Release|x64
		{571F8108-9A6D-4514-B5B5-81252230F3EB}.Debug|Any CPU.ActiveCfg = Debug|Win32
		{571F8108-9A6D-4514-B5B5-81252230F3EB}.Debug|ARM.ActiveCfg = Debug|Win32
		{571F8108-9A6D-4514-B5B5-81252230F3EB}.Debug|Win32.ActiveCfg = Debug|Win32
		{571F8108-9A6D-4514-B5B5-81252230F3EB}.Debug|Win32.Build.0 = Debug|Win32
		{571F8108-9A6D-4514-B5B5-81252230F3EB}.Debug|x64.ActiveCfg = Debug|Win32
		{571F8108-9A6D-4514-B5B5-81252230F3EB}.Release|Any CPU.ActiveCfg = Release|Win32
		{571F8108-9A6D-4514-B5B5-81252230F3EB}.Release|ARM.ActiveCfg = Release|Win32
		{571F8108-9A6D-4514-B5B5-81252230F3EB}.Release|Win32.ActiveCfg = Release|Win32
		{571F8108-9A6D-4514-B5B5-81252230F3EB}.Release|Win32.Build.0 = Release|Win32
		{571F8108-9A6D-4514-B5B5-81252230F3EB}.Release|x64.ActiveCfg = Release|Win32
		{571F8108-9A6D-4514-B5B5-81252230F3EB}.Template|Any CPU.ActiveCfg = Release|Win32
		{571F8108-9A6D-4514-B5B5-81252230F3EB}.Template|Any CPU.Build.0 = Release|Win32
		{571F8108-9A6D-4514-B5B5-81252230F3EB}.Template|ARM.ActiveCfg = Release|Win32
		{571F8108-9A6D-4514-B5B5-81252230F3EB}.Template|ARM.Build.0 = Release|Win32
		{571F8108-9A6D-4514-B5B5-81252230F3EB}.Template|Win32.ActiveCfg = Release|Win32
		{571F8108-9A6D-4514-B5B5-81252230F3EB}.Template|Win32.Build.0 = Release|Win32
		{571F8108-9A6D-4514-B5B5-81252230F3EB}.Template|x64.ActiveCfg = Release|Win32
		{571F8108-9A6D-4514-B5B5-81252230F3EB}.Template|x64.Build.0 = Release|Win32
		{049DF500-7650-4429-9ABB-3AFD06D465FD}.Debug|Any CPU.ActiveCfg = Debug|Win32
		{049DF500-7650-4429-9ABB-3AFD06D465FD}.Debug|ARM.ActiveCfg = Debug|Win32
		{049DF500-7650-4429-9ABB-3AFD06D465FD}.Debug|Win32.ActiveCfg = Debug|Win32
		{049DF500-7650-4429-9ABB-3AFD06D465FD}.Debug|Win32.Build.0 = Debug|Win32
		{049DF500-7650-4429-9ABB-3AFD06D465FD}.Debug|x64.ActiveCfg = Debug|x64
		{049DF500-7650-4429-9ABB-3AFD06D465FD}.Debug|x64.Build.0 = Debug|x64
		{049DF500-7650-4429-9ABB-3AFD06D465FD}.Release|Any CPU.ActiveCfg = Release|Win32
		{049DF500-7650-4429-9ABB-3AFD06D465FD}.Release|ARM.ActiveCfg = Release|Win32
		{049DF500-7650-4429-9ABB-3AFD06D465FD}.Release|Win32.ActiveCfg = Release|Win32
		{049DF500-7650-4429-9ABB-3AFD06D465FD}.Release|Win32.Build.0 = Release|Win32
		{049DF500-7650-4429-9ABB-3AFD06D465FD}.Release|x64.ActiveCfg = Release|x64
		{049DF500-7650-4429-9ABB-3AFD06D465FD}.Release|x64.Build.0 = Release|x64
		{049DF500-7650-4429-9ABB-3AFD06D465FD}.Template|Any CPU.ActiveCfg = Release|x64
		{049DF500-7650-4429-9ABB-3AFD06D465FD}.Template|Any CPU.Build.0 = Release|x64
		{049DF500-7650-4429-9ABB-3AFD06D465FD}.Template|ARM.ActiveCfg = Release|x64
		{049DF500-7650-4429-9ABB-3AFD06D465FD}.Template|ARM.Build.0 = Release|x64
		{049DF500-7650-4429-9ABB-3AFD06D465FD}.Template|Win32.ActiveCfg = Release|Win32
		{049DF500-7650-4429-9ABB-3AFD06D465FD}.Template|Win32.Build.0 = Release|Win32
		{049DF500-7650-4429-9ABB-3AFD06D465FD}.Template|x64.ActiveCfg = Release|x64
		{049DF500-7650-4429-9ABB-3AFD06D465FD}.Template|x64.Build.0 = Release|x64
		{CE98F8F4-0C9B-4DC3-876B-99D835F60E15}.Debug|Any CPU.ActiveCfg = Debug|Win32
		{CE98F8F4-0C9B-4DC3-876B-99D835F60E15}.Debug|ARM.ActiveCfg = Debug|Win32
		{CE98F8F4-0C9B-4DC3-876B-99D835F60E15}.Debug|Win32.ActiveCfg = Debug|Win32
		{CE98F8F4-0C9B-4DC3-876B-99D835F60E15}.Debug|Win32.Build.0 = Debug|Win32
		{CE98F8F4-0C9B-4DC3-876B-99D835F60E15}.Debug|x64.ActiveCfg = Debug|x64
		{CE98F8F4-0C9B-4DC3-876B-99D835F60E15}.Debug|x64.Build.0 = Debug|x64
		{CE98F8F4-0C9B-4DC3-876B-99D835F60E15}.Release|Any CPU.ActiveCfg = Release|Win32
		{CE98F8F4-0C9B-4DC3-876B-99D835F60E15}.Release|ARM.ActiveCfg = Release|Win32
		{CE98F8F4-0C9B-4DC3-876B-99D835F60E15}.Release|Win32.ActiveCfg = Release|Win32
		{CE98F8F4-0C9B-4DC3-876B-99D835F60E15}.Release|Win32.Build.0 = Release|Win32
		{CE98F8F4-0C9B-4DC3-876B-99D835F60E15}.Release|x64.ActiveCfg = Release|x64
		{CE98F8F4-0C9B-4DC3-876B-99D835F60E15}.Release|x64.Build.0 = Release|x64
		{CE98F8F4-0C9B-4DC3-876B-99D835F60E15}.Template|Any CPU.ActiveCfg = Release|x64
		{CE98F8F4-0C9B-4DC3-876B-99D835F60E15}.Template|Any CPU.Build.0 = Release|x64
		{CE98F8F4-0C9B-4DC3-876B-99D835F60E15}.Template|ARM.ActiveCfg = Release|x64
		{CE98F8F4-0C9B-4DC3-876B-99D835F60E15}.Template|ARM.Build.0 = Release|x64
		{CE98F8F4-0C9B-4DC3-876B-99D835F60E15}.Template|Win32.ActiveCfg = Release|Win32
		{CE98F8F4-0C9B-4DC3-876B-99D835F60E15}.Template|Win32.Build.0 = Release|Win32
		{CE98F8F4-0C9B-4DC3-876B-99D835F60E15}.Template|x64.ActiveCfg = Release|x64
		{CE98F8F4-0C9B-4DC3-876B-99D835F60E15}.Template|x64.Build.0 = Release|x64
		{86B369A9-EB59-4278-92DC-3C04EAAF2A7D}.Debug|Any CPU.ActiveCfg = Debug|Win32
		{86B369A9-EB59-4278-92DC-3C04EAAF2A7D}.Debug|ARM.ActiveCfg = Debug|Win32
		{86B369A9-EB59-4278-92DC-3C04EAAF2A7D}.Debug|Win32.ActiveCfg = Debug|Win32
		{86B369A9-EB59-4278-92DC-3C04EAAF2A7D}.Debug|Win32.Build.0 = Debug|Win32
		{86B369A9-EB59-4278-92DC-3C04EAAF2A7D}.Debug|x64.ActiveCfg = Debug|x64
		{86B369A9-EB59-4278-92DC-3C04EAAF2A7D}.Debug|x64.Build.0 = Debug|x64
		{86B369A9-EB59-4278-92DC-3C04EAAF2A7D}.Release|Any CPU.ActiveCfg = Release|Win32
		{86B369A9-EB59-4278-92DC-3C04EAAF2A7D}.Release|ARM.ActiveCfg = Release|Win32
		{86B369A9-EB59-4278-92DC-3C04EAAF2A7D}.Release|Win32.ActiveCfg = Release|Win32
		{86B369A9-EB59-4278-92DC-3C04EAAF2A7D}.Release|Win32.Build.0 = Release|Win32
		{86B369A9-EB59-4278-92DC-3C04EAAF2A7D}.Release|x64.ActiveCfg = Release|x64
		{86B369A9-EB59-4278-92DC-3C04EAAF2A7D}.Release|x64.Build.0 = Release|x64
		{86B369A9-EB59-4278-92DC-3C04EAAF2A7D}.Template|Any CPU.ActiveCfg = Release|x64
		{86B369A9-EB59-4278-92DC-3C04EAAF2A7D}.Template|Any CPU.Build.0 = Release|x64
		{86B369A9-EB59-4278-92DC-3C04EAAF2A7D}.Template|ARM.ActiveCfg = Release|x64
		{86B369A9-EB59-4278-92DC-3C04EAAF2A7D}.Template|ARM.Build.0 = Release|x64
		{86B369A9-EB59-4278-92DC-3C04EAAF2A7D}.Template|Win32.ActiveCfg = Release|Win32
		{86B369A9-EB59-4278-92DC-3C04EAAF2A7D}.Template|Win32.Build.0 = Release|Win32
		{86B369A9-EB59-4278-92DC-3C04EAAF2A7D}.Template|x64.ActiveCfg = Release|x64
		{86B369A9-EB59-4278-92DC-3C04EAAF2A7D}.Template|x64.Build.0 = Release|x64
		{4DBBCD65-5FB0-446F-B311-D4E4775ECE04}.Debug|Any CPU.ActiveCfg = Debug|Win32
		{4DBBCD65-5FB0-446F-B311-D4E4775ECE04}.Debug|ARM.ActiveCfg = Debug|Win32
		{4DBBCD65-5FB0-446F-B311-D4E4775ECE04}.Debug|Win32.ActiveCfg = Debug|Win32
		{4DBBCD65-5FB0-446F-B311-D4E4775ECE04}.Debug|Win32.Build.0 = Debug|Win32
		{4DBBCD65-5FB0-446F-B311-D4E4775ECE04}.Debug|x64.ActiveCfg = Debug|x64
		{4DBBCD65-5FB0-446F-B311-D4E4775ECE04}.Debug|x64.Build.0 = Debug|x64
		{4DBBCD65-5FB0-446F-B311-D4E4775ECE04}.Release|Any CPU.ActiveCfg = Release|Win32
		{4DBBCD65-5FB0-446F-B311-D4E4775ECE04}.Release|ARM.ActiveCfg = Release|Win32
		{4DBBCD65-5FB0-446F-B311-D4E4775ECE04}.Release|Win32.ActiveCfg = Release|Win32
		{4DBBCD65-5FB0-446F-B311-D4E4775ECE04}.Release|Win32.Build.0 = Release|Win32
		{4DBBCD65-5FB0-446F-B311-D4E4775ECE04}.Release|x64.ActiveCfg = Release|x64
		{4DBBCD65-5FB0-446F-B311-D4E4775ECE04}.Release|x64.Build.0 = Release|x64
		{4DBBCD65-5FB0-446F-B311-D4E4775ECE04}.Template|Any CPU.ActiveCfg = Release|x64
		{4DBBCD65-5FB0-446F-B311-D4E4775ECE04}.Template|Any CPU.Build.0 = Release|x64
		{4DBBCD65-5FB0-446F-B311-D4E4775ECE04}.Template|ARM.ActiveCfg = Release|x64
		{4DBBCD65-5FB0-446F-B311-D4E4775ECE04}.Template|ARM.Build.0 = Release|x64
		{4DBBCD65-5FB0-446F-B311-D4E4775ECE04}.Template|Win32.ActiveCfg = Release|Win32
		{4DBBCD65-5FB0-446F-B311-D4E4775ECE04}.Template|Win32.Build.0 = Release|Win32
		{4DBBCD65-5FB0-446F-B311-D4E4775ECE04}.Template|x64.ActiveCfg = Release|x64
		{4DBBCD65-5FB0-446F-B311-D4E4775ECE04}.Template|x64.Build.0 = Release|x64
		{4AC4955C-B831-4BAA-8842-8E2A33341971}.Debug|Any CPU.ActiveCfg = Debug|Win32
		{4AC4955C-B831-4BAA-8842-8E2A33341971}.Debug|ARM.ActiveCfg = Debug|Win32
		{4AC4955C-B831-4BAA-8842-8E2A33341971}.Debug|Win32.ActiveCfg = Debug|Win32
		{4AC4955C-B831-4BAA-8842-8E2A33341971}.Debug|Win32.Build.0 = Debug|Win32
		{4AC4955C-B831-4BAA-8842-8E2A33341971}.Debug|x64.ActiveCfg = Debug|x64
		{4AC4955C-B831-4BAA-8842-8E2A33341971}.Debug|x64.Build.0 = Debug|x64
		{4AC4955C-B831-4BAA-8842-8E2A33341971}.Release|Any CPU.ActiveCfg = Release|Win32
		{4AC4955C-B831-4BAA-8842-8E2A33341971}.Release|ARM.ActiveCfg = Release|Win32
		{4AC4955C-B831-4BAA-8842-8E2A33341971}.Release|Win32.ActiveCfg = Release|Win32
		{4AC4955C-B831-4BAA-8842-8E2A33341971}.Release|Win32.Build.0 = Release|Win32
		{4AC4955C-B831-4BAA-8842-8E2A33341971}.Release|x64.ActiveCfg = Release|x64
		{4AC4955C-B831-4BAA-8842-8E2A33341971}.Release|x64.Build.0 = Release|x64
		{4AC4955C-B831-4BAA-8842-8E2A33341971}.Template|Any CPU.ActiveCfg = Release|x64
		{4AC4955C-B831-4BAA-8842-8E2A33341971}.Template|Any CPU.Build.0 = Release|x64
		{4AC4955C-B831-4BAA-8842-8E2A33341971}.Template|ARM.ActiveCfg = Release|x64
		{4AC4955C-B831-4BAA-8842-8E2A33341971}.Template|ARM.Build.0 = Release|x64
		{4AC4955C-B831-4BAA-8842-8E2A33341971}.Template|Win32.ActiveCfg = Release|Win32
		{4AC4955C-B831-4BAA-8842-8E2A33341971}.Template|Win32.Build.0 = Release|Win32
		{4AC4955C-B831-4BAA-8842-8E2A33341971}.Template|x64.ActiveCfg = Release|x64
		{4AC4955C-B831-4BAA-8842-8E2A33341971}.Template|x64.Build.0 = Release|x64
		{F8324664-D42B-43CF-90AF-5C1CEEF6E326}.Debug|Any CPU.ActiveCfg = Debug|Any CPU
		{F8324664-D42B-43CF-90AF-5C1CEEF6E326}.Debug|Any CPU.Build.0 = Debug|Any CPU
		{F8324664-D42B-43CF-90AF-5C1CEEF6E326}.Debug|ARM.ActiveCfg = Debug|ARM
		{F8324664-D42B-43CF-90AF-5C1CEEF6E326}.Debug|ARM.Build.0 = Debug|ARM
		{F8324664-D42B-43CF-90AF-5C1CEEF6E326}.Debug|Win32.ActiveCfg = Debug|x86
		{F8324664-D42B-43CF-90AF-5C1CEEF6E326}.Debug|Win32.Build.0 = Debug|x86
		{F8324664-D42B-43CF-90AF-5C1CEEF6E326}.Debug|x64.ActiveCfg = Debug|x64
		{F8324664-D42B-43CF-90AF-5C1CEEF6E326}.Debug|x64.Build.0 = Debug|x64
		{F8324664-D42B-43CF-90AF-5C1CEEF6E326}.Release|Any CPU.ActiveCfg = Release|Any CPU
		{F8324664-D42B-43CF-90AF-5C1CEEF6E326}.Release|Any CPU.Build.0 = Release|Any CPU
		{F8324664-D42B-43CF-90AF-5C1CEEF6E326}.Release|ARM.ActiveCfg = Release|ARM
		{F8324664-D42B-43CF-90AF-5C1CEEF6E326}.Release|ARM.Build.0 = Release|ARM
		{F8324664-D42B-43CF-90AF-5C1CEEF6E326}.Release|Win32.ActiveCfg = Release|x86
		{F8324664-D42B-43CF-90AF-5C1CEEF6E326}.Release|Win32.Build.0 = Release|x86
		{F8324664-D42B-43CF-90AF-5C1CEEF6E326}.Release|x64.ActiveCfg = Release|x64
		{F8324664-D42B-43CF-90AF-5C1CEEF6E326}.Release|x64.Build.0 = Release|x64
		{F8324664-D42B-43CF-90AF-5C1CEEF6E326}.Template|Any CPU.ActiveCfg = Release|Any CPU
		{F8324664-D42B-43CF-90AF-5C1CEEF6E326}.Template|Any CPU.Build.0 = Release|Any CPU
		{F8324664-D42B-43CF-90AF-5C1CEEF6E326}.Template|ARM.ActiveCfg = Release|ARM
		{F8324664-D42B-43CF-90AF-5C1CEEF6E326}.Template|ARM.Build.0 = Release|ARM
		{F8324664-D42B-43CF-90AF-5C1CEEF6E326}.Template|Win32.ActiveCfg = Release|x86
		{F8324664-D42B-43CF-90AF-5C1CEEF6E326}.Template|Win32.Build.0 = Release|x86
		{F8324664-D42B-43CF-90AF-5C1CEEF6E326}.Template|x64.ActiveCfg = Release|x64
		{F8324664-D42B-43CF-90AF-5C1CEEF6E326}.Template|x64.Build.0 = Release|x64
		{250B3C67-0961-4453-8B28-75D8BC1AB590}.Debug|Any CPU.ActiveCfg = Debug|Win32
		{250B3C67-0961-4453-8B28-75D8BC1AB590}.Debug|ARM.ActiveCfg = Debug|Win32
		{250B3C67-0961-4453-8B28-75D8BC1AB590}.Debug|Win32.ActiveCfg = Debug|Win32
		{250B3C67-0961-4453-8B28-75D8BC1AB590}.Debug|Win32.Build.0 = Debug|Win32
		{250B3C67-0961-4453-8B28-75D8BC1AB590}.Debug|x64.ActiveCfg = Debug|x64
		{250B3C67-0961-4453-8B28-75D8BC1AB590}.Debug|x64.Build.0 = Debug|x64
		{250B3C67-0961-4453-8B28-75D8BC1AB590}.Release|Any CPU.ActiveCfg = Release|Win32
		{250B3C67-0961-4453-8B28-75D8BC1AB590}.Release|ARM.ActiveCfg = Release|Win32
		{250B3C67-0961-4453-8B28-75D8BC1AB590}.Release|Win32.ActiveCfg = Release|Win32
		{250B3C67-0961-4453-8B28-75D8BC1AB590}.Release|Win32.Build.0 = Release|Win32
		{250B3C67-0961-4453-8B28-75D8BC1AB590}.Release|x64.ActiveCfg = Release|x64
		{250B3C67-0961-4453-8B28-75D8BC1AB590}.Release|x64.Build.0 = Release|x64
		{250B3C67-0961-4453-8B28-75D8BC1AB590}.Template|Any CPU.ActiveCfg = Release|x64
		{250B3C67-0961-4453-8B28-75D8BC1AB590}.Template|Any CPU.Build.0 = Release|x64
		{250B3C67-0961-4453-8B28-75D8BC1AB590}.Template|ARM.ActiveCfg = Release|x64
		{250B3C67-0961-4453-8B28-75D8BC1AB590}.Template|ARM.Build.0 = Release|x64
		{250B3C67-0961-4453-8B28-75D8BC1AB590}.Template|Win32.ActiveCfg = Release|Win32
		{250B3C67-0961-4453-8B28-75D8BC1AB590}.Template|Win32.Build.0 = Release|Win32
		{250B3C67-0961-4453-8B28-75D8BC1AB590}.Template|x64.ActiveCfg = Release|x64
		{250B3C67-0961-4453-8B28-75D8BC1AB590}.Template|x64.Build.0 = Release|x64
		{7E9D7566-27E0-433C-9820-1219260E51B3}.Debug|Any CPU.ActiveCfg = Debug|Win32
		{7E9D7566-27E0-433C-9820-1219260E51B3}.Debug|ARM.ActiveCfg = Debug|Win32
		{7E9D7566-27E0-433C-9820-1219260E51B3}.Debug|Win32.ActiveCfg = Debug|Win32
		{7E9D7566-27E0-433C-9820-1219260E51B3}.Debug|Win32.Build.0 = Debug|Win32
		{7E9D7566-27E0-433C-9820-1219260E51B3}.Debug|x64.ActiveCfg = Debug|x64
		{7E9D7566-27E0-433C-9820-1219260E51B3}.Debug|x64.Build.0 = Debug|x64
		{7E9D7566-27E0-433C-9820-1219260E51B3}.Release|Any CPU.ActiveCfg = Release|Win32
		{7E9D7566-27E0-433C-9820-1219260E51B3}.Release|ARM.ActiveCfg = Release|Win32
		{7E9D7566-27E0-433C-9820-1219260E51B3}.Release|Win32.ActiveCfg = Release|Win32
		{7E9D7566-27E0-433C-9820-1219260E51B3}.Release|Win32.Build.0 = Release|Win32
		{7E9D7566-27E0-433C-9820-1219260E51B3}.Release|x64.ActiveCfg = Release|x64
		{7E9D7566-27E0-433C-9820-1219260E51B3}.Release|x64.Build.0 = Release|x64
		{7E9D7566-27E0-433C-9820-1219260E51B3}.Template|Any CPU.ActiveCfg = Release|x64
		{7E9D7566-27E0-433C-9820-1219260E51B3}.Template|Any CPU.Build.0 = Release|x64
		{7E9D7566-27E0-433C-9820-1219260E51B3}.Template|ARM.ActiveCfg = Release|x64
		{7E9D7566-27E0-433C-9820-1219260E51B3}.Template|ARM.Build.0 = Release|x64
		{7E9D7566-27E0-433C-9820-1219260E51B3}.Template|Win32.ActiveCfg = Release|Win32
		{7E9D7566-27E0-433C-9820-1219260E51B3}.Template|Win32.Build.0 = Release|Win32
		{7E9D7566-27E0-433C-9820-1219260E51B3}.Template|x64.ActiveCfg = Release|x64
		{7E9D7566-27E0-433C-9820-1219260E51B3}.Template|x64.Build.0 = Release|x64
	EndGlobalSection
	GlobalSection(SolutionProperties) = preSolution
		HideSolutionNode = FALSE
	EndGlobalSection
	GlobalSection(ExtensibilityGlobals) = postSolution
		SolutionGuid = {2C210ADE-BB78-47C2-8C6B-A357E970B813}
	EndGlobalSection
EndGlobal
